
Microsoft Visual Studio Solution File, Format Version 12.00
# Visual Studio Version 17
VisualStudioVersion = 17.9.34714.143
MinimumVisualStudioVersion = 10.0.40219.1
Project("{8BC9CEB8-8B4A-11D0-8D11-00A0C91BC942}") = "day42", "day42\day42.vcxproj", "{DDFDA286-DF2B-415D-8DD8-403870CFFAA8}"
EndProject
Global
	GlobalSection(SolutionConfigurationPlatforms) = preSolution
		Debug|x64 = Debug|x64
		Debug|x86 = Debug|x86
		Release|x64 = Release|x64
		Release|x86 = Release|x86
	EndGlobalSection
	GlobalSection(ProjectConfigurationPlatforms) = postSolution
		{DDFDA286-DF2B-415D-8DD8-403870CFFAA8}.Debug|x64.ActiveCfg = Debug|x64
		{DDFDA286-DF2B-415D-8DD8-403870CFFAA8}.Debug|x64.Build.0 = Debug|x64
		{DDFDA286-DF2B-415D-8DD8-403870CFFAA8}.Debug|x86.ActiveCfg = Debug|Win32
		{DDFDA286-DF2B-415D-8DD8-403870CFFAA8}.Debug|x86.Build.0 = Debug|Win32
		{DDFDA286-DF2B-415D-8DD8-403870CFFAA8}.Release|x64.ActiveCfg = Release|x64
		{DDFDA286-DF2B-415D-8DD8-403870CFFAA8}.Release|x64.Build.0 = Release|x64
		{DDFDA286-DF2B-415D-8DD8-403870CFFAA8}.Release|x86.ActiveCfg = Release|Win32
		{DDFDA286-DF2B-415D-8DD8-403870CFFAA8}.Release|x86.Build.0 = Release|Win32
	EndGlobalSection
	GlobalSection(SolutionProperties) = preSolution
		HideSolutionNode = FALSE
	EndGlobalSection
	GlobalSection(ExtensibilityGlobals) = postSolution
		SolutionGuid = {77F5C31E-C36C-46E4-ADA3-8ADC316FAE1B}
	EndGlobalSection
EndGlobal
