<?xml version="1.0" encoding="utf-8"?>
<Project ToolsVersion="4.0" xmlns="http://schemas.microsoft.com/developer/msbuild/2003">
  <ItemGroup>
    <Filter Include="Source Files">
      <UniqueIdentifier>{4FC737F1-C7A5-4376-A066-2A32D752A2FF}</UniqueIdentifier>
      <Extensions>cpp;c;cc;cxx;c++;cppm;ixx;def;odl;idl;hpj;bat;asm;asmx</Extensions>
    </Filter>
    <Filter Include="Header Files">
      <UniqueIdentifier>{93995380-89BD-4b04-88EB-625FBE52EBFB}</UniqueIdentifier>
      <Extensions>h;hh;hpp;hxx;h++;hm;inl;inc;ipp;xsd</Extensions>
    </Filter>
    <Filter Include="Resource Files">
      <UniqueIdentifier>{67DA6AB6-F800-4c08-8B7A-83BB121AAD01}</UniqueIdentifier>
      <Extensions>rc;ico;cur;bmp;dlg;rc2;rct;bin;rgs;gif;jpg;jpeg;jpe;resx;tiff;tif;png;wav;mfcribbon-ms</Extensions>
    </Filter>
  </ItemGroup>
  <ItemGroup>
    <ClCompile Include="prg01.cpp">
      <Filter>Source Files</Filter>
    </ClCompile>
    <ClCompile Include="prg02.cpp">
      <Filter>Source Files</Filter>
    </ClCompile>
    <ClCompile Include="prg03.cpp">
      <Filter>Source Files</Filter>
    </ClCompile>
    <ClCompile Include="prg04.cpp">
      <Filter>Source Files</Filter>
    </ClCompile>
    <ClCompile Include="prg05.cpp">
      <Filter>Source Files</Filter>
    </ClCompile>
    <ClCompile Include="prg06.cpp">
      <Filter>Source Files</Filter>
    </ClCompile>
    <ClCompile Include="prg07.cpp">
      <Filter>Source Files</Filter>
    </ClCompile>
    <ClCompile Include="prg08.cpp">
      <Filter>Source Files</Filter>
    </ClCompile>
    <ClCompile Include="prg09.cpp">
      <Filter>Source Files</Filter>
    </ClCompile>
    <ClCompile Include="prg10.cpp">
      <Filter>Source Files</Filter>
    </ClCompile>
    <ClCompile Include="prg11.cpp">
      <Filter>Source Files</Filter>
    </ClCompile>
    <ClCompile Include="prg12.cpp">
      <Filter>Source Files</Filter>
    </ClCompile>
    <ClCompile Include="prg13.cpp">
      <Filter>Source Files</Filter>
    </ClCompile>
    <ClCompile Include="prg14.cpp">
      <Filter>Source Files</Filter>
    </ClCompile>
    <ClCompile Include="prg15.cpp">
      <Filter>Source Files</Filter>
    </ClCompile>
    <ClCompile Include="prg16.cpp">
      <Filter>Source Files</Filter>
    </ClCompile>
    <ClCompile Include="prg17.cpp">
      <Filter>Source Files</Filter>
    </ClCompile>
    <ClCompile Include="prg18.cpp">
      <Filter>Source Files</Filter>
    </ClCompile>
    <ClCompile Include="prg19.cpp">
      <Filter>Source Files</Filter>
    </ClCompile>
    <ClCompile Include="prg20.cpp">
      <Filter>Source Files</Filter>
    </ClCompile>
    <ClCompile Include="prg21.cpp">
      <Filter>Source Files</Filter>
    </ClCompile>
    <ClCompile Include="prg22.cpp">
      <Filter>Source Files</Filter>
    </ClCompile>
    <ClCompile Include="prg23.cpp">
      <Filter>Source Files</Filter>
    </ClCompile>
    <ClCompile Include="prg24.cpp">
      <Filter>Source Files</Filter>
    </ClCompile>
    <ClCompile Include="prg25.cpp">
      <Filter>Source Files</Filter>
    </ClCompile>
    <ClCompile Include="prg26.cpp">
      <Filter>Source Files</Filter>
    </ClCompile>
    <ClCompile Include="prg27.cpp">
      <Filter>Source Files</Filter>
    </ClCompile>
    <ClCompile Include="prg28.cpp">
      <Filter>Source Files</Filter>
    </ClCompile>
    <ClCompile Include="prg29.cpp">
      <Filter>Source Files</Filter>
    </ClCompile>
    <ClCompile Include="prg30.cpp">
      <Filter>Source Files</Filter>
    </ClCompile>
    <ClCompile Include="prg31.cpp">
      <Filter>Source Files</Filter>
    </ClCompile>
    <ClCompile Include="prg32.cpp">
      <Filter>Source Files</Filter>
    </ClCompile>
    <ClCompile Include="prg33.cpp">
      <Filter>Source Files</Filter>
    </ClCompile>
    <ClCompile Include="prg34.cpp">
      <Filter>Source Files</Filter>
    </ClCompile>
    <ClCompile Include="prg35.cpp">
      <Filter>Source Files</Filter>
    </ClCompile>
    <ClCompile Include="prg36.cpp">
      <Filter>Source Files</Filter>
    </ClCompile>
    <ClCompile Include="prg37.cpp">
      <Filter>Source Files</Filter>
    </ClCompile>
    <ClCompile Include="prg38.cpp">
      <Filter>Source Files</Filter>
    </ClCompile>
    <ClCompile Include="prg39.cpp">
      <Filter>Source Files</Filter>
    </ClCompile>
    <ClCompile Include="prg40.cpp">
      <Filter>Source Files</Filter>
    </ClCompile>
    <ClCompile Include="prg41.cpp">
      <Filter>Source Files</Filter>
    </ClCompile>
    <ClCompile Include="prg42.cpp">
      <Filter>Source Files</Filter>
    </ClCompile>
    <ClCompile Include="prg43.cpp">
      <Filter>Source Files</Filter>
    </ClCompile>
    <ClCompile Include="prg44.cpp">
      <Filter>Source Files</Filter>
    </ClCompile>
    <ClCompile Include="prg45.cpp">
      <Filter>Source Files</Filter>
    </ClCompile>
    <ClCompile Include="prg47.cpp">
      <Filter>Source Files</Filter>
    </ClCompile>
    <ClCompile Include="prg46.cpp">
      <Filter>Source Files</Filter>
    </ClCompile>
    <ClCompile Include="prg48.cpp">
      <Filter>Source Files</Filter>
    </ClCompile>
    <ClCompile Include="prg49.cpp">
      <Filter>Source Files</Filter>
    </ClCompile>
    <ClCompile Include="prg50.cpp">
      <Filter>Source Files</Filter>
    </ClCompile>
    <ClCompile Include="prg51.cpp">
      <Filter>Source Files</Filter>
    </ClCompile>
    <ClCompile Include="prg52.cpp">
      <Filter>Source Files</Filter>
    </ClCompile>
    <ClCompile Include="prg53.cpp">
      <Filter>Source Files</Filter>
    </ClCompile>
    <ClCompile Include="prg54.cpp">
      <Filter>Source Files</Filter>
    </ClCompile>
    <ClCompile Include="prg55.cpp">
      <Filter>Source Files</Filter>
    </ClCompile>
    <ClCompile Include="prg56.cpp">
      <Filter>Source Files</Filter>
    </ClCompile>
    <ClCompile Include="prg57.cpp">
      <Filter>Source Files</Filter>
    </ClCompile>
    <ClCompile Include="prg58.cpp">
      <Filter>Source Files</Filter>
    </ClCompile>
  </ItemGroup>
</Project>