
Microsoft Visual Studio Solution File, Format Version 12.00
# Visual Studio Version 17
VisualStudioVersion = 17.9.34714.143
MinimumVisualStudioVersion = 10.0.40219.1
Project("{8BC9CEB8-8B4A-11D0-8D11-00A0C91BC942}") = "p", "p\p.vcxproj", "{9B73A647-B6DE-452B-94D1-7A4F2B9879BD}"
EndProject
Global
	GlobalSection(SolutionConfigurationPlatforms) = preSolution
		Debug|x64 = Debug|x64
		Debug|x86 = Debug|x86
		Release|x64 = Release|x64
		Release|x86 = Release|x86
	EndGlobalSection
	GlobalSection(ProjectConfigurationPlatforms) = postSolution
		{9B73A647-B6DE-452B-94D1-7A4F2B9879BD}.Debug|x64.ActiveCfg = Debug|x64
		{9B73A647-B6DE-452B-94D1-7A4F2B9879BD}.Debug|x64.Build.0 = Debug|x64
		{9B73A647-B6DE-452B-94D1-7A4F2B9879BD}.Debug|x86.ActiveCfg = Debug|Win32
		{9B73A647-B6DE-452B-94D1-7A4F2B9879BD}.Debug|x86.Build.0 = Debug|Win32
		{9B73A647-B6DE-452B-94D1-7A4F2B9879BD}.Release|x64.ActiveCfg = Release|x64
		{9B73A647-B6DE-452B-94D1-7A4F2B9879BD}.Release|x64.Build.0 = Release|x64
		{9B73A647-B6DE-452B-94D1-7A4F2B9879BD}.Release|x86.ActiveCfg = Release|Win32
		{9B73A647-B6DE-452B-94D1-7A4F2B9879BD}.Release|x86.Build.0 = Release|Win32
	EndGlobalSection
	GlobalSection(SolutionProperties) = preSolution
		HideSolutionNode = FALSE
	EndGlobalSection
	GlobalSection(ExtensibilityGlobals) = postSolution
		SolutionGuid = {AC8A0E08-9A64-4084-B17D-0E42F1472639}
	EndGlobalSection
EndGlobal
