
Microsoft Visual Studio Solution File, Format Version 12.00
# Visual Studio Version 17
VisualStudioVersion = 17.9.34714.143
MinimumVisualStudioVersion = 10.0.40219.1
Project("{8BC9CEB8-8B4A-11D0-8D11-00A0C91BC942}") = "week08", "week08\week08.vcxproj", "{FD59067A-691B-4389-A4EE-75C6CBB9A7BF}"
EndProject
Global
	GlobalSection(SolutionConfigurationPlatforms) = preSolution
		Debug|x64 = Debug|x64
		Debug|x86 = Debug|x86
		Release|x64 = Release|x64
		Release|x86 = Release|x86
	EndGlobalSection
	GlobalSection(ProjectConfigurationPlatforms) = postSolution
		{FD59067A-691B-4389-A4EE-75C6CBB9A7BF}.Debug|x64.ActiveCfg = Debug|x64
		{FD59067A-691B-4389-A4EE-75C6CBB9A7BF}.Debug|x64.Build.0 = Debug|x64
		{FD59067A-691B-4389-A4EE-75C6CBB9A7BF}.Debug|x86.ActiveCfg = Debug|Win32
		{FD59067A-691B-4389-A4EE-75C6CBB9A7BF}.Debug|x86.Build.0 = Debug|Win32
		{FD59067A-691B-4389-A4EE-75C6CBB9A7BF}.Release|x64.ActiveCfg = Release|x64
		{FD59067A-691B-4389-A4EE-75C6CBB9A7BF}.Release|x64.Build.0 = Release|x64
		{FD59067A-691B-4389-A4EE-75C6CBB9A7BF}.Release|x86.ActiveCfg = Release|Win32
		{FD59067A-691B-4389-A4EE-75C6CBB9A7BF}.Release|x86.Build.0 = Release|Win32
	EndGlobalSection
	GlobalSection(SolutionProperties) = preSolution
		HideSolutionNode = FALSE
	EndGlobalSection
	GlobalSection(ExtensibilityGlobals) = postSolution
		SolutionGuid = {F8F006D6-0128-4650-942A-CA4E0A439CA6}
	EndGlobalSection
EndGlobal
